
Microsoft Visual Studio Solution File, Format Version 12.00
# Visual Studio Version 17
VisualStudioVersion = 17.7.34221.43
MinimumVisualStudioVersion = 10.0.40219.1
Project("{FAE04EC0-301F-11D3-BF4B-00C04F79EFBC}") = "M7_E1", "M7_E1\M7_E1.csproj", "{950DED1B-3083-4F51-90D1-78751EF869EB}"
EndProject
Project("{FAE04EC0-301F-11D3-BF4B-00C04F79EFBC}") = "ViewModel", "ViewModel\ViewModel.csproj", "{CF97B981-2CE3-4FE1-9C3D-878AA2571D7A}"
EndProject
Project("{FAE04EC0-301F-11D3-BF4B-00C04F79EFBC}") = "Model", "Model\Model.csproj", "{26EF0B06-AB02-4E4D-8A02-AE8C9CDF054A}"
EndProject
Global
	GlobalSection(SolutionConfigurationPlatforms) = preSolution
		Debug|Any CPU = Debug|Any CPU
		Release|Any CPU = Release|Any CPU
	EndGlobalSection
	GlobalSection(ProjectConfigurationPlatforms) = postSolution
		{950DED1B-3083-4F51-90D1-78751EF869EB}.Debug|Any CPU.ActiveCfg = Debug|Any CPU
		{950DED1B-3083-4F51-90D1-78751EF869EB}.Debug|Any CPU.Build.0 = Debug|Any CPU
		{950DED1B-3083-4F51-90D1-78751EF869EB}.Release|Any CPU.ActiveCfg = Release|Any CPU
		{950DED1B-3083-4F51-90D1-78751EF869EB}.Release|Any CPU.Build.0 = Release|Any CPU
		{CF97B981-2CE3-4FE1-9C3D-878AA2571D7A}.Debug|Any CPU.ActiveCfg = Debug|Any CPU
		{CF97B981-2CE3-4FE1-9C3D-878AA2571D7A}.Debug|Any CPU.Build.0 = Debug|Any CPU
		{CF97B981-2CE3-4FE1-9C3D-878AA2571D7A}.Release|Any CPU.ActiveCfg = Release|Any CPU
		{CF97B981-2CE3-4FE1-9C3D-878AA2571D7A}.Release|Any CPU.Build.0 = Release|Any CPU
		{26EF0B06-AB02-4E4D-8A02-AE8C9CDF054A}.Debug|Any CPU.ActiveCfg = Debug|Any CPU
		{26EF0B06-AB02-4E4D-8A02-AE8C9CDF054A}.Debug|Any CPU.Build.0 = Debug|Any CPU
		{26EF0B06-AB02-4E4D-8A02-AE8C9CDF054A}.Release|Any CPU.ActiveCfg = Release|Any CPU
		{26EF0B06-AB02-4E4D-8A02-AE8C9CDF054A}.Release|Any CPU.Build.0 = Release|Any CPU
	EndGlobalSection
	GlobalSection(SolutionProperties) = preSolution
		HideSolutionNode = FALSE
	EndGlobalSection
	GlobalSection(ExtensibilityGlobals) = postSolution
		SolutionGuid = {7E5D5D6A-55D4-424C-BBE3-1B254EF78F6E}
	EndGlobalSection
EndGlobal
