
Microsoft Visual Studio Solution File, Format Version 12.00
# Visual Studio Version 17
VisualStudioVersion = 17.3.32922.545
MinimumVisualStudioVersion = 10.0.40219.1
Project("{9A19103F-16F7-4668-BE54-9A1E7A4F7556}") = "Model", "Model\Model.csproj", "{007078D6-F30A-4526-9FB3-4BFE8254185A}"
EndProject
Project("{9A19103F-16F7-4668-BE54-9A1E7A4F7556}") = "ViewModel", "ViewModel\ViewModel.csproj", "{6A55A0FC-A2A3-432C-95F2-022D800C9C58}"
EndProject
Project("{9A19103F-16F7-4668-BE54-9A1E7A4F7556}") = "Tests", "Tests\Tests.csproj", "{CA9EC28B-0E63-4399-9A5C-5F08D4F4ED55}"
EndProject
Project("{9A19103F-16F7-4668-BE54-9A1E7A4F7556}") = "CopierFichier", "CopierFichier\CopierFichier.csproj", "{208B43D4-2B5B-4B88-B8BB-B91C9732EBA4}"
EndProject
Project("{9A19103F-16F7-4668-BE54-9A1E7A4F7556}") = "View", "View\View.csproj", "{732C8B15-1B69-488A-AC09-492F76E6401C}"
EndProject
Global
	GlobalSection(SolutionConfigurationPlatforms) = preSolution
		Debug|Any CPU = Debug|Any CPU
		Release|Any CPU = Release|Any CPU
	EndGlobalSection
	GlobalSection(ProjectConfigurationPlatforms) = postSolution
		{007078D6-F30A-4526-9FB3-4BFE8254185A}.Debug|Any CPU.ActiveCfg = Debug|Any CPU
		{007078D6-F30A-4526-9FB3-4BFE8254185A}.Debug|Any CPU.Build.0 = Debug|Any CPU
		{007078D6-F30A-4526-9FB3-4BFE8254185A}.Release|Any CPU.ActiveCfg = Release|Any CPU
		{007078D6-F30A-4526-9FB3-4BFE8254185A}.Release|Any CPU.Build.0 = Release|Any CPU
		{6A55A0FC-A2A3-432C-95F2-022D800C9C58}.Debug|Any CPU.ActiveCfg = Debug|Any CPU
		{6A55A0FC-A2A3-432C-95F2-022D800C9C58}.Debug|Any CPU.Build.0 = Debug|Any CPU
		{6A55A0FC-A2A3-432C-95F2-022D800C9C58}.Release|Any CPU.ActiveCfg = Release|Any CPU
		{6A55A0FC-A2A3-432C-95F2-022D800C9C58}.Release|Any CPU.Build.0 = Release|Any CPU
		{CA9EC28B-0E63-4399-9A5C-5F08D4F4ED55}.Debug|Any CPU.ActiveCfg = Debug|Any CPU
		{CA9EC28B-0E63-4399-9A5C-5F08D4F4ED55}.Debug|Any CPU.Build.0 = Debug|Any CPU
		{CA9EC28B-0E63-4399-9A5C-5F08D4F4ED55}.Release|Any CPU.ActiveCfg = Release|Any CPU
		{CA9EC28B-0E63-4399-9A5C-5F08D4F4ED55}.Release|Any CPU.Build.0 = Release|Any CPU
		{208B43D4-2B5B-4B88-B8BB-B91C9732EBA4}.Debug|Any CPU.ActiveCfg = Debug|Any CPU
		{208B43D4-2B5B-4B88-B8BB-B91C9732EBA4}.Debug|Any CPU.Build.0 = Debug|Any CPU
		{208B43D4-2B5B-4B88-B8BB-B91C9732EBA4}.Release|Any CPU.ActiveCfg = Release|Any CPU
		{208B43D4-2B5B-4B88-B8BB-B91C9732EBA4}.Release|Any CPU.Build.0 = Release|Any CPU
		{732C8B15-1B69-488A-AC09-492F76E6401C}.Debug|Any CPU.ActiveCfg = Debug|Any CPU
		{732C8B15-1B69-488A-AC09-492F76E6401C}.Debug|Any CPU.Build.0 = Debug|Any CPU
		{732C8B15-1B69-488A-AC09-492F76E6401C}.Release|Any CPU.ActiveCfg = Release|Any CPU
		{732C8B15-1B69-488A-AC09-492F76E6401C}.Release|Any CPU.Build.0 = Release|Any CPU
	EndGlobalSection
	GlobalSection(SolutionProperties) = preSolution
		HideSolutionNode = FALSE
	EndGlobalSection
	GlobalSection(ExtensibilityGlobals) = postSolution
		SolutionGuid = {45BE0709-DD55-47A1-A4A6-F3475ED1D65B}
	EndGlobalSection
EndGlobal
